
Microsoft Visual Studio Solution File, Format Version 12.00
Project("{FAE04EC0-301F-11D3-BF4B-00C04F79EFBC}") = "Utils", "Utils\Utils.csproj", "{4A7329D9-65E3-4E26-8970-BD8E952D7208}"
EndProject
Project("{FAE04EC0-301F-11D3-BF4B-00C04F79EFBC}") = "Day1", "Day1\Day1.csproj", "{ECD786CD-319A-4FA9-A84E-228EF5691805}"
EndProject
Project("{FAE04EC0-301F-11D3-BF4B-00C04F79EFBC}") = "Day2", "Day2\Day2.csproj", "{C3F64A8C-6B7C-48A1-9319-53F457510DB5}"
EndProject
Project("{FAE04EC0-301F-11D3-BF4B-00C04F79EFBC}") = "Day3", "Day3\Day3.csproj", "{09751661-9529-409B-8B3F-E3C9B7B40E97}"
EndProject
Project("{FAE04EC0-301F-11D3-BF4B-00C04F79EFBC}") = "Day4", "Day4\Day4.csproj", "{F9B328E0-F9A0-4ADA-A99D-F32DE7B63EAF}"
EndProject
Project("{FAE04EC0-301F-11D3-BF4B-00C04F79EFBC}") = "Day5", "Day5\Day5.csproj", "{6DF78E01-216E-4CF4-B6B9-FC894FB70082}"
EndProject
Global
	GlobalSection(SolutionConfigurationPlatforms) = preSolution
		Debug|Any CPU = Debug|Any CPU
		Release|Any CPU = Release|Any CPU
	EndGlobalSection
	GlobalSection(ProjectConfigurationPlatforms) = postSolution
		{4A7329D9-65E3-4E26-8970-BD8E952D7208}.Debug|Any CPU.ActiveCfg = Debug|Any CPU
		{4A7329D9-65E3-4E26-8970-BD8E952D7208}.Debug|Any CPU.Build.0 = Debug|Any CPU
		{4A7329D9-65E3-4E26-8970-BD8E952D7208}.Release|Any CPU.ActiveCfg = Release|Any CPU
		{4A7329D9-65E3-4E26-8970-BD8E952D7208}.Release|Any CPU.Build.0 = Release|Any CPU
		{ECD786CD-319A-4FA9-A84E-228EF5691805}.Debug|Any CPU.ActiveCfg = Debug|Any CPU
		{ECD786CD-319A-4FA9-A84E-228EF5691805}.Debug|Any CPU.Build.0 = Debug|Any CPU
		{ECD786CD-319A-4FA9-A84E-228EF5691805}.Release|Any CPU.ActiveCfg = Release|Any CPU
		{ECD786CD-319A-4FA9-A84E-228EF5691805}.Release|Any CPU.Build.0 = Release|Any CPU
		{C3F64A8C-6B7C-48A1-9319-53F457510DB5}.Debug|Any CPU.ActiveCfg = Debug|Any CPU
		{C3F64A8C-6B7C-48A1-9319-53F457510DB5}.Debug|Any CPU.Build.0 = Debug|Any CPU
		{C3F64A8C-6B7C-48A1-9319-53F457510DB5}.Release|Any CPU.ActiveCfg = Release|Any CPU
		{C3F64A8C-6B7C-48A1-9319-53F457510DB5}.Release|Any CPU.Build.0 = Release|Any CPU
		{09751661-9529-409B-8B3F-E3C9B7B40E97}.Debug|Any CPU.ActiveCfg = Debug|Any CPU
		{09751661-9529-409B-8B3F-E3C9B7B40E97}.Debug|Any CPU.Build.0 = Debug|Any CPU
		{09751661-9529-409B-8B3F-E3C9B7B40E97}.Release|Any CPU.ActiveCfg = Release|Any CPU
		{09751661-9529-409B-8B3F-E3C9B7B40E97}.Release|Any CPU.Build.0 = Release|Any CPU
		{F9B328E0-F9A0-4ADA-A99D-F32DE7B63EAF}.Debug|Any CPU.ActiveCfg = Debug|Any CPU
		{F9B328E0-F9A0-4ADA-A99D-F32DE7B63EAF}.Debug|Any CPU.Build.0 = Debug|Any CPU
		{F9B328E0-F9A0-4ADA-A99D-F32DE7B63EAF}.Release|Any CPU.ActiveCfg = Release|Any CPU
		{F9B328E0-F9A0-4ADA-A99D-F32DE7B63EAF}.Release|Any CPU.Build.0 = Release|Any CPU
		{6DF78E01-216E-4CF4-B6B9-FC894FB70082}.Debug|Any CPU.ActiveCfg = Debug|Any CPU
		{6DF78E01-216E-4CF4-B6B9-FC894FB70082}.Debug|Any CPU.Build.0 = Debug|Any CPU
		{6DF78E01-216E-4CF4-B6B9-FC894FB70082}.Release|Any CPU.ActiveCfg = Release|Any CPU
		{6DF78E01-216E-4CF4-B6B9-FC894FB70082}.Release|Any CPU.Build.0 = Release|Any CPU
	EndGlobalSection
EndGlobal
